
Microsoft Visual Studio Solution File, Format Version 12.00
# Visual Studio Version 16
VisualStudioVersion = 16.0.31112.23
MinimumVisualStudioVersion = 10.0.40219.1
Project("{9A19103F-16F7-4668-BE54-9A1E7A4F7556}") = "ScaryMovieForms", "ScaryMovieForms\ScaryMovieForms.csproj", "{D22A8A12-2E3A-476D-B736-27C0C1B54DAA}"
EndProject
Project("{9A19103F-16F7-4668-BE54-9A1E7A4F7556}") = "BackEnd", "BackEnd\BackEnd.csproj", "{163F1B6C-10E7-4A5D-844A-13316BD0F070}"
EndProject
Project("{FAE04EC0-301F-11D3-BF4B-00C04F79EFBC}") = "Functions", "Functions\Functions.csproj", "{023E3E36-2C95-47A7-9482-D221D52496E0}"
EndProject
Global
	GlobalSection(SolutionConfigurationPlatforms) = preSolution
		Debug|Any CPU = Debug|Any CPU
		Release|Any CPU = Release|Any CPU
	EndGlobalSection
	GlobalSection(ProjectConfigurationPlatforms) = postSolution
		{D22A8A12-2E3A-476D-B736-27C0C1B54DAA}.Debug|Any CPU.ActiveCfg = Debug|Any CPU
		{D22A8A12-2E3A-476D-B736-27C0C1B54DAA}.Debug|Any CPU.Build.0 = Debug|Any CPU
		{D22A8A12-2E3A-476D-B736-27C0C1B54DAA}.Release|Any CPU.ActiveCfg = Release|Any CPU
		{D22A8A12-2E3A-476D-B736-27C0C1B54DAA}.Release|Any CPU.Build.0 = Release|Any CPU
		{163F1B6C-10E7-4A5D-844A-13316BD0F070}.Debug|Any CPU.ActiveCfg = Debug|Any CPU
		{163F1B6C-10E7-4A5D-844A-13316BD0F070}.Debug|Any CPU.Build.0 = Debug|Any CPU
		{163F1B6C-10E7-4A5D-844A-13316BD0F070}.Release|Any CPU.ActiveCfg = Release|Any CPU
		{163F1B6C-10E7-4A5D-844A-13316BD0F070}.Release|Any CPU.Build.0 = Release|Any CPU
		{023E3E36-2C95-47A7-9482-D221D52496E0}.Debug|Any CPU.ActiveCfg = Debug|Any CPU
		{023E3E36-2C95-47A7-9482-D221D52496E0}.Debug|Any CPU.Build.0 = Debug|Any CPU
		{023E3E36-2C95-47A7-9482-D221D52496E0}.Release|Any CPU.ActiveCfg = Release|Any CPU
		{023E3E36-2C95-47A7-9482-D221D52496E0}.Release|Any CPU.Build.0 = Release|Any CPU
	EndGlobalSection
	GlobalSection(SolutionProperties) = preSolution
		HideSolutionNode = FALSE
	EndGlobalSection
	GlobalSection(ExtensibilityGlobals) = postSolution
		SolutionGuid = {921C5B51-87AF-4716-9032-93B4EFDBD1B8}
	EndGlobalSection
EndGlobal
